// !$*UTF8*$!
{
	archiveVersion = 1;
	classes = {
	};
	objectVersion = 51;
	objects = {

/* Begin PBXBuildFile section */
		56228CBEB0220DF3584D3437 /* Pods_Parstagram_ParstagramUITests.framework in Frameworks */ = {isa = PBXBuildFile; fileRef = C8A10FA7DB2E6E008068F466 /* Pods_Parstagram_ParstagramUITests.framework */; };
		7905407C24072658004BDE83 /* AppDelegate.swift in Sources */ = {isa = PBXBuildFile; fileRef = 7905407B24072658004BDE83 /* AppDelegate.swift */; };
		7905407E24072658004BDE83 /* SceneDelegate.swift in Sources */ = {isa = PBXBuildFile; fileRef = 7905407D24072658004BDE83 /* SceneDelegate.swift */; };
		7905408324072658004BDE83 /* Main.storyboard in Resources */ = {isa = PBXBuildFile; fileRef = 7905408124072658004BDE83 /* Main.storyboard */; };
		790540852407265C004BDE83 /* Assets.xcassets in Resources */ = {isa = PBXBuildFile; fileRef = 790540842407265C004BDE83 /* Assets.xcassets */; };
		790540882407265C004BDE83 /* LaunchScreen.storyboard in Resources */ = {isa = PBXBuildFile; fileRef = 790540862407265C004BDE83 /* LaunchScreen.storyboard */; };
		790540932407265C004BDE83 /* ParstagramTests.swift in Sources */ = {isa = PBXBuildFile; fileRef = 790540922407265C004BDE83 /* ParstagramTests.swift */; };
		7905409E2407265C004BDE83 /* ParstagramUITests.swift in Sources */ = {isa = PBXBuildFile; fileRef = 7905409D2407265C004BDE83 /* ParstagramUITests.swift */; };
		7914C2312412BE7500D996AF /* CommentCell.swift in Sources */ = {isa = PBXBuildFile; fileRef = 7914C2302412BE7500D996AF /* CommentCell.swift */; };
		795B66C82408CCF700E6B6A1 /* CameraViewController.swift in Sources */ = {isa = PBXBuildFile; fileRef = 795B66C72408CCF700E6B6A1 /* CameraViewController.swift */; };
		795B66CE2408EC3F00E6B6A1 /* PostTableViewCell.swift in Sources */ = {isa = PBXBuildFile; fileRef = 795B66CD2408EC3F00E6B6A1 /* PostTableViewCell.swift */; };
		7967F7F024074568008CCB0C /* FeedViewController.swift in Sources */ = {isa = PBXBuildFile; fileRef = 7967F7EF24074568008CCB0C /* FeedViewController.swift */; };
		7967F7F22407456E008CCB0C /* LoginViewController.swift in Sources */ = {isa = PBXBuildFile; fileRef = 7967F7F12407456D008CCB0C /* LoginViewController.swift */; };
		850603B081E710E2F406C574 /* Pods_Parstagram.framework in Frameworks */ = {isa = PBXBuildFile; fileRef = 761345E7408843FA10232FAD /* Pods_Parstagram.framework */; };
		88A4B13FBEF52A45776B8A15 /* Pods_ParstagramTests.framework in Frameworks */ = {isa = PBXBuildFile; fileRef = E302832AA6A7AB330EDD982C /* Pods_ParstagramTests.framework */; };
/* End PBXBuildFile section */

/* Begin PBXContainerItemProxy section */
		7905408F2407265C004BDE83 /* PBXContainerItemProxy */ = {
			isa = PBXContainerItemProxy;
			containerPortal = 7905407024072658004BDE83 /* Project object */;
			proxyType = 1;
			remoteGlobalIDString = 7905407724072658004BDE83;
			remoteInfo = Parstagram;
		};
		7905409A2407265C004BDE83 /* PBXContainerItemProxy */ = {
			isa = PBXContainerItemProxy;
			containerPortal = 7905407024072658004BDE83 /* Project object */;
			proxyType = 1;
			remoteGlobalIDString = 7905407724072658004BDE83;
			remoteInfo = Parstagram;
		};
/* End PBXContainerItemProxy section */

/* Begin PBXFileReference section */
		074C37C9AEA9CE2C5EF4B0ED /* Pods-Parstagram-ParstagramUITests.release.xcconfig */ = {isa = PBXFileReference; includeInIndex = 1; lastKnownFileType = text.xcconfig; name = "Pods-Parstagram-ParstagramUITests.release.xcconfig"; path = "Target Support Files/Pods-Parstagram-ParstagramUITests/Pods-Parstagram-ParstagramUITests.release.xcconfig"; sourceTree = "<group>"; };
		0844782CFD35144287CE065E /* Pods-Parstagram.debug.xcconfig */ = {isa = PBXFileReference; includeInIndex = 1; lastKnownFileType = text.xcconfig; name = "Pods-Parstagram.debug.xcconfig"; path = "Target Support Files/Pods-Parstagram/Pods-Parstagram.debug.xcconfig"; sourceTree = "<group>"; };
		28FEAE6DFB0223B5917F6AF4 /* Pods-ParstagramTests.debug.xcconfig */ = {isa = PBXFileReference; includeInIndex = 1; lastKnownFileType = text.xcconfig; name = "Pods-ParstagramTests.debug.xcconfig"; path = "Target Support Files/Pods-ParstagramTests/Pods-ParstagramTests.debug.xcconfig"; sourceTree = "<group>"; };
		761345E7408843FA10232FAD /* Pods_Parstagram.framework */ = {isa = PBXFileReference; explicitFileType = wrapper.framework; includeInIndex = 0; path = Pods_Parstagram.framework; sourceTree = BUILT_PRODUCTS_DIR; };
		7905407824072658004BDE83 /* Parstagram.app */ = {isa = PBXFileReference; explicitFileType = wrapper.application; includeInIndex = 0; path = Parstagram.app; sourceTree = BUILT_PRODUCTS_DIR; };
		7905407B24072658004BDE83 /* AppDelegate.swift */ = {isa = PBXFileReference; lastKnownFileType = sourcecode.swift; path = AppDelegate.swift; sourceTree = "<group>"; };
		7905407D24072658004BDE83 /* SceneDelegate.swift */ = {isa = PBXFileReference; lastKnownFileType = sourcecode.swift; path = SceneDelegate.swift; sourceTree = "<group>"; };
		7905408224072658004BDE83 /* Base */ = {isa = PBXFileReference; lastKnownFileType = file.storyboard; name = Base; path = Base.lproj/Main.storyboard; sourceTree = "<group>"; };
		790540842407265C004BDE83 /* Assets.xcassets */ = {isa = PBXFileReference; lastKnownFileType = folder.assetcatalog; path = Assets.xcassets; sourceTree = "<group>"; };
		790540872407265C004BDE83 /* Base */ = {isa = PBXFileReference; lastKnownFileType = file.storyboard; name = Base; path = Base.lproj/LaunchScreen.storyboard; sourceTree = "<group>"; };
		790540892407265C004BDE83 /* Info.plist */ = {isa = PBXFileReference; lastKnownFileType = text.plist.xml; path = Info.plist; sourceTree = "<group>"; };
		7905408E2407265C004BDE83 /* ParstagramTests.xctest */ = {isa = PBXFileReference; explicitFileType = wrapper.cfbundle; includeInIndex = 0; path = ParstagramTests.xctest; sourceTree = BUILT_PRODUCTS_DIR; };
		790540922407265C004BDE83 /* ParstagramTests.swift */ = {isa = PBXFileReference; lastKnownFileType = sourcecode.swift; path = ParstagramTests.swift; sourceTree = "<group>"; };
		790540942407265C004BDE83 /* Info.plist */ = {isa = PBXFileReference; lastKnownFileType = text.plist.xml; path = Info.plist; sourceTree = "<group>"; };
		790540992407265C004BDE83 /* ParstagramUITests.xctest */ = {isa = PBXFileReference; explicitFileType = wrapper.cfbundle; includeInIndex = 0; path = ParstagramUITests.xctest; sourceTree = BUILT_PRODUCTS_DIR; };
		7905409D2407265C004BDE83 /* ParstagramUITests.swift */ = {isa = PBXFileReference; lastKnownFileType = sourcecode.swift; path = ParstagramUITests.swift; sourceTree = "<group>"; };
		7905409F2407265C004BDE83 /* Info.plist */ = {isa = PBXFileReference; lastKnownFileType = text.plist.xml; path = Info.plist; sourceTree = "<group>"; };
		7914C2302412BE7500D996AF /* CommentCell.swift */ = {isa = PBXFileReference; lastKnownFileType = sourcecode.swift; path = CommentCell.swift; sourceTree = "<group>"; };
		795B66C72408CCF700E6B6A1 /* CameraViewController.swift */ = {isa = PBXFileReference; lastKnownFileType = sourcecode.swift; path = CameraViewController.swift; sourceTree = "<group>"; };
		795B66CD2408EC3F00E6B6A1 /* PostTableViewCell.swift */ = {isa = PBXFileReference; lastKnownFileType = sourcecode.swift; path = PostTableViewCell.swift; sourceTree = "<group>"; };
		7967F7EF24074568008CCB0C /* FeedViewController.swift */ = {isa = PBXFileReference; lastKnownFileType = sourcecode.swift; name = FeedViewController.swift; path = /Users/marcoaguilera/Desktop/Parstagram/Parstagram/FeedViewController.swift; sourceTree = "<absolute>"; };
		7967F7F12407456D008CCB0C /* LoginViewController.swift */ = {isa = PBXFileReference; lastKnownFileType = sourcecode.swift; name = LoginViewController.swift; path = /Users/marcoaguilera/Desktop/Parstagram/Parstagram/LoginViewController.swift; sourceTree = "<absolute>"; };
		B3673F24F5D505CBC15CB35C /* Pods-ParstagramTests.release.xcconfig */ = {isa = PBXFileReference; includeInIndex = 1; lastKnownFileType = text.xcconfig; name = "Pods-ParstagramTests.release.xcconfig"; path = "Target Support Files/Pods-ParstagramTests/Pods-ParstagramTests.release.xcconfig"; sourceTree = "<group>"; };
		BD2FA930220B60EB19EF9410 /* Pods-Parstagram.release.xcconfig */ = {isa = PBXFileReference; includeInIndex = 1; lastKnownFileType = text.xcconfig; name = "Pods-Parstagram.release.xcconfig"; path = "Target Support Files/Pods-Parstagram/Pods-Parstagram.release.xcconfig"; sourceTree = "<group>"; };
		C8A10FA7DB2E6E008068F466 /* Pods_Parstagram_ParstagramUITests.framework */ = {isa = PBXFileReference; explicitFileType = wrapper.framework; includeInIndex = 0; path = Pods_Parstagram_ParstagramUITests.framework; sourceTree = BUILT_PRODUCTS_DIR; };
		E302832AA6A7AB330EDD982C /* Pods_ParstagramTests.framework */ = {isa = PBXFileReference; explicitFileType = wrapper.framework; includeInIndex = 0; path = Pods_ParstagramTests.framework; sourceTree = BUILT_PRODUCTS_DIR; };
		E7DDDF5EB3650F3A52622CF9 /* Pods-Parstagram-ParstagramUITests.debug.xcconfig */ = {isa = PBXFileReference; includeInIndex = 1; lastKnownFileType = text.xcconfig; name = "Pods-Parstagram-ParstagramUITests.debug.xcconfig"; path = "Target Support Files/Pods-Parstagram-ParstagramUITests/Pods-Parstagram-ParstagramUITests.debug.xcconfig"; sourceTree = "<group>"; };
/* End PBXFileReference section */

/* Begin PBXFrameworksBuildPhase section */
		7905407524072658004BDE83 /* Frameworks */ = {
			isa = PBXFrameworksBuildPhase;
			buildActionMask = 2147483647;
			files = (
				850603B081E710E2F406C574 /* Pods_Parstagram.framework in Frameworks */,
			);
			runOnlyForDeploymentPostprocessing = 0;
		};
		7905408B2407265C004BDE83 /* Frameworks */ = {
			isa = PBXFrameworksBuildPhase;
			buildActionMask = 2147483647;
			files = (
				88A4B13FBEF52A45776B8A15 /* Pods_ParstagramTests.framework in Frameworks */,
			);
			runOnlyForDeploymentPostprocessing = 0;
		};
		790540962407265C004BDE83 /* Frameworks */ = {
			isa = PBXFrameworksBuildPhase;
			buildActionMask = 2147483647;
			files = (
				56228CBEB0220DF3584D3437 /* Pods_Parstagram_ParstagramUITests.framework in Frameworks */,
			);
			runOnlyForDeploymentPostprocessing = 0;
		};
/* End PBXFrameworksBuildPhase section */

/* Begin PBXGroup section */
		7905406F24072658004BDE83 = {
			isa = PBXGroup;
			children = (
				7905407A24072658004BDE83 /* Parstagram */,
				790540912407265C004BDE83 /* ParstagramTests */,
				7905409C2407265C004BDE83 /* ParstagramUITests */,
				7905407924072658004BDE83 /* Products */,
				DD5890D291E59FECAAFB410D /* Pods */,
				9A89C1B5404BA4F7FC799A3D /* Frameworks */,
			);
			sourceTree = "<group>";
		};
		7905407924072658004BDE83 /* Products */ = {
			isa = PBXGroup;
			children = (
				7905407824072658004BDE83 /* Parstagram.app */,
				7905408E2407265C004BDE83 /* ParstagramTests.xctest */,
				790540992407265C004BDE83 /* ParstagramUITests.xctest */,
			);
			name = Products;
			sourceTree = "<group>";
		};
		7905407A24072658004BDE83 /* Parstagram */ = {
			isa = PBXGroup;
			children = (
				7967F7F12407456D008CCB0C /* LoginViewController.swift */,
				7967F7EF24074568008CCB0C /* FeedViewController.swift */,
				7905407B24072658004BDE83 /* AppDelegate.swift */,
				7905407D24072658004BDE83 /* SceneDelegate.swift */,
				7905408124072658004BDE83 /* Main.storyboard */,
				7914C2302412BE7500D996AF /* CommentCell.swift */,
				795B66CD2408EC3F00E6B6A1 /* PostTableViewCell.swift */,
				795B66C72408CCF700E6B6A1 /* CameraViewController.swift */,
				790540842407265C004BDE83 /* Assets.xcassets */,
				790540862407265C004BDE83 /* LaunchScreen.storyboard */,
				790540892407265C004BDE83 /* Info.plist */,
			);
			path = Parstagram;
			sourceTree = "<group>";
		};
		790540912407265C004BDE83 /* ParstagramTests */ = {
			isa = PBXGroup;
			children = (
				790540922407265C004BDE83 /* ParstagramTests.swift */,
				790540942407265C004BDE83 /* Info.plist */,
			);
			path = ParstagramTests;
			sourceTree = "<group>";
		};
		7905409C2407265C004BDE83 /* ParstagramUITests */ = {
			isa = PBXGroup;
			children = (
				7905409D2407265C004BDE83 /* ParstagramUITests.swift */,
				7905409F2407265C004BDE83 /* Info.plist */,
			);
			path = ParstagramUITests;
			sourceTree = "<group>";
		};
		9A89C1B5404BA4F7FC799A3D /* Frameworks */ = {
			isa = PBXGroup;
			children = (
				761345E7408843FA10232FAD /* Pods_Parstagram.framework */,
				C8A10FA7DB2E6E008068F466 /* Pods_Parstagram_ParstagramUITests.framework */,
				E302832AA6A7AB330EDD982C /* Pods_ParstagramTests.framework */,
			);
			name = Frameworks;
			sourceTree = "<group>";
		};
		DD5890D291E59FECAAFB410D /* Pods */ = {
			isa = PBXGroup;
			children = (
				0844782CFD35144287CE065E /* Pods-Parstagram.debug.xcconfig */,
				BD2FA930220B60EB19EF9410 /* Pods-Parstagram.release.xcconfig */,
				E7DDDF5EB3650F3A52622CF9 /* Pods-Parstagram-ParstagramUITests.debug.xcconfig */,
				074C37C9AEA9CE2C5EF4B0ED /* Pods-Parstagram-ParstagramUITests.release.xcconfig */,
				28FEAE6DFB0223B5917F6AF4 /* Pods-ParstagramTests.debug.xcconfig */,
				B3673F24F5D505CBC15CB35C /* Pods-ParstagramTests.release.xcconfig */,
			);
			path = Pods;
			sourceTree = "<group>";
		};
/* End PBXGroup section */

/* Begin PBXNativeTarget section */
		7905407724072658004BDE83 /* Parstagram */ = {
			isa = PBXNativeTarget;
			buildConfigurationList = 790540A22407265C004BDE83 /* Build configuration list for PBXNativeTarget "Parstagram" */;
			buildPhases = (
				1960FF1BD37329F13AFAEA87 /* [CP] Check Pods Manifest.lock */,
				7905407424072658004BDE83 /* Sources */,
				7905407524072658004BDE83 /* Frameworks */,
				7905407624072658004BDE83 /* Resources */,
				D9907251F3BF8722690BE9D2 /* [CP] Embed Pods Frameworks */,
			);
			buildRules = (
			);
			dependencies = (
			);
			name = Parstagram;
			productName = Parstagram;
			productReference = 7905407824072658004BDE83 /* Parstagram.app */;
			productType = "com.apple.product-type.application";
		};
		7905408D2407265C004BDE83 /* ParstagramTests */ = {
			isa = PBXNativeTarget;
			buildConfigurationList = 790540A52407265C004BDE83 /* Build configuration list for PBXNativeTarget "ParstagramTests" */;
			buildPhases = (
				8F9ABE9A5530643D50EEFD28 /* [CP] Check Pods Manifest.lock */,
				7905408A2407265C004BDE83 /* Sources */,
				7905408B2407265C004BDE83 /* Frameworks */,
				7905408C2407265C004BDE83 /* Resources */,
			);
			buildRules = (
			);
			dependencies = (
				790540902407265C004BDE83 /* PBXTargetDependency */,
			);
			name = ParstagramTests;
			productName = ParstagramTests;
			productReference = 7905408E2407265C004BDE83 /* ParstagramTests.xctest */;
			productType = "com.apple.product-type.bundle.unit-test";
		};
		790540982407265C004BDE83 /* ParstagramUITests */ = {
			isa = PBXNativeTarget;
			buildConfigurationList = 790540A82407265C004BDE83 /* Build configuration list for PBXNativeTarget "ParstagramUITests" */;
			buildPhases = (
				11D1BEE8C640CD3030A5A5F6 /* [CP] Check Pods Manifest.lock */,
				790540952407265C004BDE83 /* Sources */,
				790540962407265C004BDE83 /* Frameworks */,
				790540972407265C004BDE83 /* Resources */,
				CC8EB95E743A57D460932D3E /* [CP] Embed Pods Frameworks */,
			);
			buildRules = (
			);
			dependencies = (
				7905409B2407265C004BDE83 /* PBXTargetDependency */,
			);
			name = ParstagramUITests;
			productName = ParstagramUITests;
			productReference = 790540992407265C004BDE83 /* ParstagramUITests.xctest */;
			productType = "com.apple.product-type.bundle.ui-testing";
		};
/* End PBXNativeTarget section */

/* Begin PBXProject section */
		7905407024072658004BDE83 /* Project object */ = {
			isa = PBXProject;
			attributes = {
				LastSwiftUpdateCheck = 1130;
				LastUpgradeCheck = 1130;
				ORGANIZATIONNAME = "Marco Aguilera";
				TargetAttributes = {
					7905407724072658004BDE83 = {
						CreatedOnToolsVersion = 11.3.1;
					};
					7905408D2407265C004BDE83 = {
						CreatedOnToolsVersion = 11.3.1;
						TestTargetID = 7905407724072658004BDE83;
					};
					790540982407265C004BDE83 = {
						CreatedOnToolsVersion = 11.3.1;
						TestTargetID = 7905407724072658004BDE83;
					};
				};
			};
			buildConfigurationList = 7905407324072658004BDE83 /* Build configuration list for PBXProject "Parstagram" */;
			compatibilityVersion = "Xcode 9.3";
			developmentRegion = en;
			hasScannedForEncodings = 0;
			knownRegions = (
				en,
				Base,
			);
			mainGroup = 7905406F24072658004BDE83;
			productRefGroup = 7905407924072658004BDE83 /* Products */;
			projectDirPath = "";
			projectRoot = "";
			targets = (
				7905407724072658004BDE83 /* Parstagram */,
				7905408D2407265C004BDE83 /* ParstagramTests */,
				790540982407265C004BDE83 /* ParstagramUITests */,
			);
		};
/* End PBXProject section */

/* Begin PBXResourcesBuildPhase section */
		7905407624072658004BDE83 /* Resources */ = {
			isa = PBXResourcesBuildPhase;
			buildActionMask = 2147483647;
			files = (
				790540882407265C004BDE83 /* LaunchScreen.storyboard in Resources */,
				790540852407265C004BDE83 /* Assets.xcassets in Resources */,
				7905408324072658004BDE83 /* Main.storyboard in Resources */,
			);
			runOnlyForDeploymentPostprocessing = 0;
		};
		7905408C2407265C004BDE83 /* Resources */ = {
			isa = PBXResourcesBuildPhase;
			buildActionMask = 2147483647;
			files = (
			);
			runOnlyForDeploymentPostprocessing = 0;
		};
		790540972407265C004BDE83 /* Resources */ = {
			isa = PBXResourcesBuildPhase;
			buildActionMask = 2147483647;
			files = (
			);
			runOnlyForDeploymentPostprocessing = 0;
		};
/* End PBXResourcesBuildPhase section */

/* Begin PBXShellScriptBuildPhase section */
		11D1BEE8C640CD3030A5A5F6 /* [CP] Check Pods Manifest.lock */ = {
			isa = PBXShellScriptBuildPhase;
			buildActionMask = 2147483647;
			files = (
			);
			inputFileListPaths = (
			);
			inputPaths = (
				"${PODS_PODFILE_DIR_PATH}/Podfile.lock",
				"${PODS_ROOT}/Manifest.lock",
			);
			name = "[CP] Check Pods Manifest.lock";
			outputFileListPaths = (
			);
			outputPaths = (
				"$(DERIVED_FILE_DIR)/Pods-Parstagram-ParstagramUITests-checkManifestLockResult.txt",
			);
			runOnlyForDeploymentPostprocessing = 0;
			shellPath = /bin/sh;
			shellScript = "diff \"${PODS_PODFILE_DIR_PATH}/Podfile.lock\" \"${PODS_ROOT}/Manifest.lock\" > /dev/null\nif [ $? != 0 ] ; then\n    # print error to STDERR\n    echo \"error: The sandbox is not in sync with the Podfile.lock. Run 'pod install' or update your CocoaPods installation.\" >&2\n    exit 1\nfi\n# This output is used by Xcode 'outputs' to avoid re-running this script phase.\necho \"SUCCESS\" > \"${SCRIPT_OUTPUT_FILE_0}\"\n";
			showEnvVarsInLog = 0;
		};
		1960FF1BD37329F13AFAEA87 /* [CP] Check Pods Manifest.lock */ = {
			isa = PBXShellScriptBuildPhase;
			buildActionMask = 2147483647;
			files = (
			);
			inputFileListPaths = (
			);
			inputPaths = (
				"${PODS_PODFILE_DIR_PATH}/Podfile.lock",
				"${PODS_ROOT}/Manifest.lock",
			);
			name = "[CP] Check Pods Manifest.lock";
			outputFileListPaths = (
			);
			outputPaths = (
				"$(DERIVED_FILE_DIR)/Pods-Parstagram-checkManifestLockResult.txt",
			);
			runOnlyForDeploymentPostprocessing = 0;
			shellPath = /bin/sh;
			shellScript = "diff \"${PODS_PODFILE_DIR_PATH}/Podfile.lock\" \"${PODS_ROOT}/Manifest.lock\" > /dev/null\nif [ $? != 0 ] ; then\n    # print error to STDERR\n    echo \"error: The sandbox is not in sync with the Podfile.lock. Run 'pod install' or update your CocoaPods installation.\" >&2\n    exit 1\nfi\n# This output is used by Xcode 'outputs' to avoid re-running this script phase.\necho \"SUCCESS\" > \"${SCRIPT_OUTPUT_FILE_0}\"\n";
			showEnvVarsInLog = 0;
		};
		8F9ABE9A5530643D50EEFD28 /* [CP] Check Pods Manifest.lock */ = {
			isa = PBXShellScriptBuildPhase;
			buildActionMask = 2147483647;
			files = (
			);
			inputFileListPaths = (
			);
			inputPaths = (
				"${PODS_PODFILE_DIR_PATH}/Podfile.lock",
				"${PODS_ROOT}/Manifest.lock",
			);
			name = "[CP] Check Pods Manifest.lock";
			outputFileListPaths = (
			);
			outputPaths = (
				"$(DERIVED_FILE_DIR)/Pods-ParstagramTests-checkManifestLockResult.txt",
			);
			runOnlyForDeploymentPostprocessing = 0;
			shellPath = /bin/sh;
			shellScript = "diff \"${PODS_PODFILE_DIR_PATH}/Podfile.lock\" \"${PODS_ROOT}/Manifest.lock\" > /dev/null\nif [ $? != 0 ] ; then\n    # print error to STDERR\n    echo \"error: The sandbox is not in sync with the Podfile.lock. Run 'pod install' or update your CocoaPods installation.\" >&2\n    exit 1\nfi\n# This output is used by Xcode 'outputs' to avoid re-running this script phase.\necho \"SUCCESS\" > \"${SCRIPT_OUTPUT_FILE_0}\"\n";
			showEnvVarsInLog = 0;
		};
		CC8EB95E743A57D460932D3E /* [CP] Embed Pods Frameworks */ = {
			isa = PBXShellScriptBuildPhase;
			buildActionMask = 2147483647;
			files = (
			);
			inputFileListPaths = (
				"${PODS_ROOT}/Target Support Files/Pods-Parstagram-ParstagramUITests/Pods-Parstagram-ParstagramUITests-frameworks-${CONFIGURATION}-input-files.xcfilelist",
			);
			name = "[CP] Embed Pods Frameworks";
			outputFileListPaths = (
				"${PODS_ROOT}/Target Support Files/Pods-Parstagram-ParstagramUITests/Pods-Parstagram-ParstagramUITests-frameworks-${CONFIGURATION}-output-files.xcfilelist",
			);
			runOnlyForDeploymentPostprocessing = 0;
			shellPath = /bin/sh;
			shellScript = "\"${PODS_ROOT}/Target Support Files/Pods-Parstagram-ParstagramUITests/Pods-Parstagram-ParstagramUITests-frameworks.sh\"\n";
			showEnvVarsInLog = 0;
		};
		D9907251F3BF8722690BE9D2 /* [CP] Embed Pods Frameworks */ = {
			isa = PBXShellScriptBuildPhase;
			buildActionMask = 2147483647;
			files = (
			);
			inputFileListPaths = (
				"${PODS_ROOT}/Target Support Files/Pods-Parstagram/Pods-Parstagram-frameworks-${CONFIGURATION}-input-files.xcfilelist",
			);
			name = "[CP] Embed Pods Frameworks";
			outputFileListPaths = (
				"${PODS_ROOT}/Target Support Files/Pods-Parstagram/Pods-Parstagram-frameworks-${CONFIGURATION}-output-files.xcfilelist",
			);
			runOnlyForDeploymentPostprocessing = 0;
			shellPath = /bin/sh;
			shellScript = "\"${PODS_ROOT}/Target Support Files/Pods-Parstagram/Pods-Parstagram-frameworks.sh\"\n";
			showEnvVarsInLog = 0;
		};
/* End PBXShellScriptBuildPhase section */

/* Begin PBXSourcesBuildPhase section */
		7905407424072658004BDE83 /* Sources */ = {
			isa = PBXSourcesBuildPhase;
			buildActionMask = 2147483647;
			files = (
				7967F7F22407456E008CCB0C /* LoginViewController.swift in Sources */,
				795B66C82408CCF700E6B6A1 /* CameraViewController.swift in Sources */,
				7905407C24072658004BDE83 /* AppDelegate.swift in Sources */,
				7967F7F024074568008CCB0C /* FeedViewController.swift in Sources */,
				7905407E24072658004BDE83 /* SceneDelegate.swift in Sources */,
				795B66CE2408EC3F00E6B6A1 /* PostTableViewCell.swift in Sources */,
				7914C2312412BE7500D996AF /* CommentCell.swift in Sources */,
			);
			runOnlyForDeploymentPostprocessing = 0;
		};
		7905408A2407265C004BDE83 /* Sources */ = {
			isa = PBXSourcesBuildPhase;
			buildActionMask = 2147483647;
			files = (
				790540932407265C004BDE83 /* ParstagramTests.swift in Sources */,
			);
			runOnlyForDeploymentPostprocessing = 0;
		};
		790540952407265C004BDE83 /* Sources */ = {
			isa = PBXSourcesBuildPhase;
			buildActionMask = 2147483647;
			files = (
				7905409E2407265C004BDE83 /* ParstagramUITests.swift in Sources */,
			);
			runOnlyForDeploymentPostprocessing = 0;
		};
/* End PBXSourcesBuildPhase section */

/* Begin PBXTargetDependency section */
		790540902407265C004BDE83 /* PBXTargetDependency */ = {
			isa = PBXTargetDependency;
			target = 7905407724072658004BDE83 /* Parstagram */;
			targetProxy = 7905408F2407265C004BDE83 /* PBXContainerItemProxy */;
		};
		7905409B2407265C004BDE83 /* PBXTargetDependency */ = {
			isa = PBXTargetDependency;
			target = 7905407724072658004BDE83 /* Parstagram */;
			targetProxy = 7905409A2407265C004BDE83 /* PBXContainerItemProxy */;
		};
/* End PBXTargetDependency section */

/* Begin PBXVariantGroup section */
		7905408124072658004BDE83 /* Main.storyboard */ = {
			isa = PBXVariantGroup;
			children = (
				7905408224072658004BDE83 /* Base */,
			);
			name = Main.storyboard;
			sourceTree = "<group>";
		};
		790540862407265C004BDE83 /* LaunchScreen.storyboard */ = {
			isa = PBXVariantGroup;
			children = (
				790540872407265C004BDE83 /* Base */,
			);
			name = LaunchScreen.storyboard;
			sourceTree = "<group>";
		};
/* End PBXVariantGroup section */

/* Begin XCBuildConfiguration section */
		790540A02407265C004BDE83 /* Debug */ = {
			isa = XCBuildConfiguration;
			buildSettings = {
				ALWAYS_SEARCH_USER_PATHS = NO;
				CLANG_ANALYZER_NONNULL = YES;
				CLANG_ANALYZER_NUMBER_OBJECT_CONVERSION = YES_AGGRESSIVE;
				CLANG_CXX_LANGUAGE_STANDARD = "gnu++14";
				CLANG_CXX_LIBRARY = "libc++";
				CLANG_ENABLE_MODULES = YES;
				CLANG_ENABLE_OBJC_ARC = YES;
				CLANG_ENABLE_OBJC_WEAK = YES;
				CLANG_WARN_BLOCK_CAPTURE_AUTORELEASING = YES;
				CLANG_WARN_BOOL_CONVERSION = YES;
				CLANG_WARN_COMMA = YES;
				CLANG_WARN_CONSTANT_CONVERSION = YES;
				CLANG_WARN_DEPRECATED_OBJC_IMPLEMENTATIONS = YES;
				CLANG_WARN_DIRECT_OBJC_ISA_USAGE = YES_ERROR;
				CLANG_WARN_DOCUMENTATION_COMMENTS = YES;
				CLANG_WARN_EMPTY_BODY = YES;
				CLANG_WARN_ENUM_CONVERSION = YES;
				CLANG_WARN_INFINITE_RECURSION = YES;
				CLANG_WARN_INT_CONVERSION = YES;
				CLANG_WARN_NON_LITERAL_NULL_CONVERSION = YES;
				CLANG_WARN_OBJC_IMPLICIT_RETAIN_SELF = YES;
				CLANG_WARN_OBJC_LITERAL_CONVERSION = YES;
				CLANG_WARN_OBJC_ROOT_CLASS = YES_ERROR;
				CLANG_WARN_RANGE_LOOP_ANALYSIS = YES;
				CLANG_WARN_STRICT_PROTOTYPES = YES;
				CLANG_WARN_SUSPICIOUS_MOVE = YES;
				CLANG_WARN_UNGUARDED_AVAILABILITY = YES_AGGRESSIVE;
				CLANG_WARN_UNREACHABLE_CODE = YES;
				CLANG_WARN__DUPLICATE_METHOD_MATCH = YES;
				COPY_PHASE_STRIP = NO;
				DEBUG_INFORMATION_FORMAT = dwarf;
				ENABLE_STRICT_OBJC_MSGSEND = YES;
				ENABLE_TESTABILITY = YES;
				GCC_C_LANGUAGE_STANDARD = gnu11;
				GCC_DYNAMIC_NO_PIC = NO;
				GCC_NO_COMMON_BLOCKS = YES;
				GCC_OPTIMIZATION_LEVEL = 0;
				GCC_PREPROCESSOR_DEFINITIONS = (
					"DEBUG=1",
					"$(inherited)",
				);
				GCC_WARN_64_TO_32_BIT_CONVERSION = YES;
				GCC_WARN_ABOUT_RETURN_TYPE = YES_ERROR;
				GCC_WARN_UNDECLARED_SELECTOR = YES;
				GCC_WARN_UNINITIALIZED_AUTOS = YES_AGGRESSIVE;
				GCC_WARN_UNUSED_FUNCTION = YES;
				GCC_WARN_UNUSED_VARIABLE = YES;
				IPHONEOS_DEPLOYMENT_TARGET = 13.2;
				MTL_ENABLE_DEBUG_INFO = INCLUDE_SOURCE;
				MTL_FAST_MATH = YES;
				ONLY_ACTIVE_ARCH = YES;
				SDKROOT = iphoneos;
				SWIFT_ACTIVE_COMPILATION_CONDITIONS = DEBUG;
				SWIFT_OPTIMIZATION_LEVEL = "-Onone";
			};
			name = Debug;
		};
		790540A12407265C004BDE83 /* Release */ = {
			isa = XCBuildConfiguration;
			buildSettings = {
				ALWAYS_SEARCH_USER_PATHS = NO;
				CLANG_ANALYZER_NONNULL = YES;
				CLANG_ANALYZER_NUMBER_OBJECT_CONVERSION = YES_AGGRESSIVE;
				CLANG_CXX_LANGUAGE_STANDARD = "gnu++14";
				CLANG_CXX_LIBRARY = "libc++";
				CLANG_ENABLE_MODULES = YES;
				CLANG_ENABLE_OBJC_ARC = YES;
				CLANG_ENABLE_OBJC_WEAK = YES;
				CLANG_WARN_BLOCK_CAPTURE_AUTORELEASING = YES;
				CLANG_WARN_BOOL_CONVERSION = YES;
				CLANG_WARN_COMMA = YES;
				CLANG_WARN_CONSTANT_CONVERSION = YES;
				CLANG_WARN_DEPRECATED_OBJC_IMPLEMENTATIONS = YES;
				CLANG_WARN_DIRECT_OBJC_ISA_USAGE = YES_ERROR;
				CLANG_WARN_DOCUMENTATION_COMMENTS = YES;
				CLANG_WARN_EMPTY_BODY = YES;
				CLANG_WARN_ENUM_CONVERSION = YES;
				CLANG_WARN_INFINITE_RECURSION = YES;
				CLANG_WARN_INT_CONVERSION = YES;
				CLANG_WARN_NON_LITERAL_NULL_CONVERSION = YES;
				CLANG_WARN_OBJC_IMPLICIT_RETAIN_SELF = YES;
				CLANG_WARN_OBJC_LITERAL_CONVERSION = YES;
				CLANG_WARN_OBJC_ROOT_CLASS = YES_ERROR;
				CLANG_WARN_RANGE_LOOP_ANALYSIS = YES;
				CLANG_WARN_STRICT_PROTOTYPES = YES;
				CLANG_WARN_SUSPICIOUS_MOVE = YES;
				CLANG_WARN_UNGUARDED_AVAILABILITY = YES_AGGRESSIVE;
				CLANG_WARN_UNREACHABLE_CODE = YES;
				CLANG_WARN__DUPLICATE_METHOD_MATCH = YES;
				COPY_PHASE_STRIP = NO;
				DEBUG_INFORMATION_FORMAT = "dwarf-with-dsym";
				ENABLE_NS_ASSERTIONS = NO;
				ENABLE_STRICT_OBJC_MSGSEND = YES;
				GCC_C_LANGUAGE_STANDARD = gnu11;
				GCC_NO_COMMON_BLOCKS = YES;
				GCC_WARN_64_TO_32_BIT_CONVERSION = YES;
				GCC_WARN_ABOUT_RETURN_TYPE = YES_ERROR;
				GCC_WARN_UNDECLARED_SELECTOR = YES;
				GCC_WARN_UNINITIALIZED_AUTOS = YES_AGGRESSIVE;
				GCC_WARN_UNUSED_FUNCTION = YES;
				GCC_WARN_UNUSED_VARIABLE = YES;
				IPHONEOS_DEPLOYMENT_TARGET = 13.2;
				MTL_ENABLE_DEBUG_INFO = NO;
				MTL_FAST_MATH = YES;
				SDKROOT = iphoneos;
				SWIFT_COMPILATION_MODE = wholemodule;
				SWIFT_OPTIMIZATION_LEVEL = "-O";
				VALIDATE_PRODUCT = YES;
			};
			name = Release;
		};
		790540A32407265C004BDE83 /* Debug */ = {
			isa = XCBuildConfiguration;
			baseConfigurationReference = 0844782CFD35144287CE065E /* Pods-Parstagram.debug.xcconfig */;
			buildSettings = {
				ASSETCATALOG_COMPILER_APPICON_NAME = AppIcon;
				CODE_SIGN_STYLE = Automatic;
				DEVELOPMENT_TEAM = 6XLU76G36V;
				INFOPLIST_FILE = Parstagram/Info.plist;
				LD_RUNPATH_SEARCH_PATHS = (
					"$(inherited)",
					"@executable_path/Frameworks",
				);
				PRODUCT_BUNDLE_IDENTIFIER = csumb.Parstagram;
				PRODUCT_NAME = "$(TARGET_NAME)";
				SWIFT_VERSION = 5.0;
				TARGETED_DEVICE_FAMILY = "1,2";
			};
			name = Debug;
		};
		790540A42407265C004BDE83 /* Release */ = {
			isa = XCBuildConfiguration;
			baseConfigurationReference = BD2FA930220B60EB19EF9410 /* Pods-Parstagram.release.xcconfig */;
			buildSettings = {
				ASSETCATALOG_COMPILER_APPICON_NAME = AppIcon;
				CODE_SIGN_STYLE = Automatic;
				DEVELOPMENT_TEAM = 6XLU76G36V;
				INFOPLIST_FILE = Parstagram/Info.plist;
				LD_RUNPATH_SEARCH_PATHS = (
					"$(inherited)",
					"@executable_path/Frameworks",
				);
				PRODUCT_BUNDLE_IDENTIFIER = csumb.Parstagram;
				PRODUCT_NAME = "$(TARGET_NAME)";
				SWIFT_VERSION = 5.0;
				TARGETED_DEVICE_FAMILY = "1,2";
			};
			name = Release;
		};
		790540A62407265C004BDE83 /* Debug */ = {
			isa = XCBuildConfiguration;
			baseConfigurationReference = 28FEAE6DFB0223B5917F6AF4 /* Pods-ParstagramTests.debug.xcconfig */;
			buildSettings = {
				ALWAYS_EMBED_SWIFT_STANDARD_LIBRARIES = YES;
				BUNDLE_LOADER = "$(TEST_HOST)";
				CODE_SIGN_STYLE = Automatic;
				DEVELOPMENT_TEAM = 6XLU76G36V;
				INFOPLIST_FILE = ParstagramTests/Info.plist;
				IPHONEOS_DEPLOYMENT_TARGET = 13.2;
				LD_RUNPATH_SEARCH_PATHS = (
					"$(inherited)",
					"@executable_path/Frameworks",
					"@loader_path/Frameworks",
				);
				PRODUCT_BUNDLE_IDENTIFIER = csumb.ParstagramTests;
				PRODUCT_NAME = "$(TARGET_NAME)";
				SWIFT_VERSION = 5.0;
				TARGETED_DEVICE_FAMILY = "1,2";
				TEST_HOST = "$(BUILT_PRODUCTS_DIR)/Parstagram.app/Parstagram";
			};
			name = Debug;
		};
		790540A72407265C004BDE83 /* Release */ = {
			isa = XCBuildConfiguration;
			baseConfigurationReference = B3673F24F5D505CBC15CB35C /* Pods-ParstagramTests.release.xcconfig */;
			buildSettings = {
				ALWAYS_EMBED_SWIFT_STANDARD_LIBRARIES = YES;
				BUNDLE_LOADER = "$(TEST_HOST)";
				CODE_SIGN_STYLE = Automatic;
				DEVELOPMENT_TEAM = 6XLU76G36V;
				INFOPLIST_FILE = ParstagramTests/Info.plist;
				IPHONEOS_DEPLOYMENT_TARGET = 13.2;
				LD_RUNPATH_SEARCH_PATHS = (
					"$(inherited)",
					"@executable_path/Frameworks",
					"@loader_path/Frameworks",
				);
				PRODUCT_BUNDLE_IDENTIFIER = csumb.ParstagramTests;
				PRODUCT_NAME = "$(TARGET_NAME)";
				SWIFT_VERSION = 5.0;
				TARGETED_DEVICE_FAMILY = "1,2";
				TEST_HOST = "$(BUILT_PRODUCTS_DIR)/Parstagram.app/Parstagram";
			};
			name = Release;
		};
		790540A92407265C004BDE83 /* Debug */ = {
			isa = XCBuildConfiguration;
			baseConfigurationReference = E7DDDF5EB3650F3A52622CF9 /* Pods-Parstagram-ParstagramUITests.debug.xcconfig */;
			buildSettings = {
				ALWAYS_EMBED_SWIFT_STANDARD_LIBRARIES = YES;
				CODE_SIGN_STYLE = Automatic;
				DEVELOPMENT_TEAM = 6XLU76G36V;
				INFOPLIST_FILE = ParstagramUITests/Info.plist;
				LD_RUNPATH_SEARCH_PATHS = (
					"$(inherited)",
					"@executable_path/Frameworks",
					"@loader_path/Frameworks",
				);
				PRODUCT_BUNDLE_IDENTIFIER = csumb.ParstagramUITests;
				PRODUCT_NAME = "$(TARGET_NAME)";
				SWIFT_VERSION = 5.0;
				TARGETED_DEVICE_FAMILY = "1,2";
				TEST_TARGET_NAME = Parstagram;
			};
			name = Debug;
		};
		790540AA2407265C004BDE83 /* Release */ = {
			isa = XCBuildConfiguration;
			baseConfigurationReference = 074C37C9AEA9CE2C5EF4B0ED /* Pods-Parstagram-ParstagramUITests.release.xcconfig */;
			buildSettings = {
				ALWAYS_EMBED_SWIFT_STANDARD_LIBRARIES = YES;
				CODE_SIGN_STYLE = Automatic;
				DEVELOPMENT_TEAM = 6XLU76G36V;
				INFOPLIST_FILE = ParstagramUITests/Info.plist;
				LD_RUNPATH_SEARCH_PATHS = (
					"$(inherited)",
					"@executable_path/Frameworks",
					"@loader_path/Frameworks",
				);
				PRODUCT_BUNDLE_IDENTIFIER = csumb.ParstagramUITests;
				PRODUCT_NAME = "$(TARGET_NAME)";
				SWIFT_VERSION = 5.0;
				TARGETED_DEVICE_FAMILY = "1,2";
				TEST_TARGET_NAME = Parstagram;
			};
			name = Release;
		};
/* End XCBuildConfiguration section */

/* Begin XCConfigurationList section */
		7905407324072658004BDE83 /* Build configuration list for PBXProject "Parstagram" */ = {
			isa = XCConfigurationList;
			buildConfigurations = (
				790540A02407265C004BDE83 /* Debug */,
				790540A12407265C004BDE83 /* Release */,
			);
			defaultConfigurationIsVisible = 0;
			defaultConfigurationName = Release;
		};
		790540A22407265C004BDE83 /* Build configuration list for PBXNativeTarget "Parstagram" */ = {
			isa = XCConfigurationList;
			buildConfigurations = (
				790540A32407265C004BDE83 /* Debug */,
				790540A42407265C004BDE83 /* Release */,
			);
			defaultConfigurationIsVisible = 0;
			defaultConfigurationName = Release;
		};
		790540A52407265C004BDE83 /* Build configuration list for PBXNativeTarget "ParstagramTests" */ = {
			isa = XCConfigurationList;
			buildConfigurations = (
				790540A62407265C004BDE83 /* Debug */,
				790540A72407265C004BDE83 /* Release */,
			);
			defaultConfigurationIsVisible = 0;
			defaultConfigurationName = Release;
		};
		790540A82407265C004BDE83 /* Build configuration list for PBXNativeTarget "ParstagramUITests" */ = {
			isa = XCConfigurationList;
			buildConfigurations = (
				790540A92407265C004BDE83 /* Debug */,
				790540AA2407265C004BDE83 /* Release */,
			);
			defaultConfigurationIsVisible = 0;
			defaultConfigurationName = Release;
		};
/* End XCConfigurationList section */
	};
	rootObject = 7905407024072658004BDE83 /* Project object */;
}
